
Microsoft Visual Studio Solution File, Format Version 12.00
# Visual Studio 15
VisualStudioVersion = 15.0.28307.852
MinimumVisualStudioVersion = 10.0.40219.1
Project("{FAE04EC0-301F-11D3-BF4B-00C04F79EFBC}") = "encoder", "encoder\encoder.csproj", "{F069B54E-71BC-4EC0-A3E7-9C9D545C92E8}"
EndProject
Global
	GlobalSection(SolutionConfigurationPlatforms) = preSolution
		Debug|Any CPU = Debug|Any CPU
		Release|Any CPU = Release|Any CPU
	EndGlobalSection
	GlobalSection(ProjectConfigurationPlatforms) = postSolution
		{F069B54E-71BC-4EC0-A3E7-9C9D545C92E8}.Debug|Any CPU.ActiveCfg = Debug|Any CPU
		{F069B54E-71BC-4EC0-A3E7-9C9D545C92E8}.Debug|Any CPU.Build.0 = Debug|Any CPU
		{F069B54E-71BC-4EC0-A3E7-9C9D545C92E8}.Release|Any CPU.ActiveCfg = Release|Any CPU
		{F069B54E-71BC-4EC0-A3E7-9C9D545C92E8}.Release|Any CPU.Build.0 = Release|Any CPU
	EndGlobalSection
	GlobalSection(SolutionProperties) = preSolution
		HideSolutionNode = FALSE
	EndGlobalSection
	GlobalSection(ExtensibilityGlobals) = postSolution
		SolutionGuid = {1AEF5998-EF3B-4389-B5F2-8B832D250FB7}
	EndGlobalSection
EndGlobal
